
Microsoft Visual Studio Solution File, Format Version 12.00
# Visual Studio Version 17
VisualStudioVersion = 17.4.33122.133
MinimumVisualStudioVersion = 10.0.40219.1
Project("{FAE04EC0-301F-11D3-BF4B-00C04F79EFBC}") = "lab11_1", "lab11_1\lab11_1.csproj", "{7FCDE9FE-942B-472C-BD94-B032C964C56C}"
EndProject
Global
	GlobalSection(SolutionConfigurationPlatforms) = preSolution
		Debug|Any CPU = Debug|Any CPU
		Release|Any CPU = Release|Any CPU
	EndGlobalSection
	GlobalSection(ProjectConfigurationPlatforms) = postSolution
		{7FCDE9FE-942B-472C-BD94-B032C964C56C}.Debug|Any CPU.ActiveCfg = Debug|Any CPU
		{7FCDE9FE-942B-472C-BD94-B032C964C56C}.Debug|Any CPU.Build.0 = Debug|Any CPU
		{7FCDE9FE-942B-472C-BD94-B032C964C56C}.Release|Any CPU.ActiveCfg = Release|Any CPU
		{7FCDE9FE-942B-472C-BD94-B032C964C56C}.Release|Any CPU.Build.0 = Release|Any CPU
	EndGlobalSection
	GlobalSection(SolutionProperties) = preSolution
		HideSolutionNode = FALSE
	EndGlobalSection
	GlobalSection(ExtensibilityGlobals) = postSolution
		SolutionGuid = {C0431333-6413-4C65-8E73-6685C5FE6D11}
	EndGlobalSection
EndGlobal
