
Microsoft Visual Studio Solution File, Format Version 12.00
# Visual Studio Version 17
VisualStudioVersion = 17.3.32929.385
MinimumVisualStudioVersion = 10.0.40219.1
Project("{9A19103F-16F7-4668-BE54-9A1E7A4F7556}") = "lab5zad3", "lab5zad3.csproj", "{FEEB257F-DFED-4003-A331-2A5FCBED1A95}"
EndProject
Global
	GlobalSection(SolutionConfigurationPlatforms) = preSolution
		Debug|Any CPU = Debug|Any CPU
		Release|Any CPU = Release|Any CPU
	EndGlobalSection
	GlobalSection(ProjectConfigurationPlatforms) = postSolution
		{FEEB257F-DFED-4003-A331-2A5FCBED1A95}.Debug|Any CPU.ActiveCfg = Debug|Any CPU
		{FEEB257F-DFED-4003-A331-2A5FCBED1A95}.Debug|Any CPU.Build.0 = Debug|Any CPU
		{FEEB257F-DFED-4003-A331-2A5FCBED1A95}.Release|Any CPU.ActiveCfg = Release|Any CPU
		{FEEB257F-DFED-4003-A331-2A5FCBED1A95}.Release|Any CPU.Build.0 = Release|Any CPU
	EndGlobalSection
	GlobalSection(SolutionProperties) = preSolution
		HideSolutionNode = FALSE
	EndGlobalSection
	GlobalSection(ExtensibilityGlobals) = postSolution
		SolutionGuid = {C3A61BA7-9612-4ED6-A675-A69F15ECBD3F}
	EndGlobalSection
EndGlobal
